
Microsoft Visual Studio Solution File, Format Version 12.00
# Visual Studio Version 16
VisualStudioVersion = 16.0.30611.23
MinimumVisualStudioVersion = 10.0.40219.1
Project("{FAE04EC0-301F-11D3-BF4B-00C04F79EFBC}") = "ReservationProcessor", "ReservationProcessor\ReservationProcessor.csproj", "{C55C85B3-788D-4DC8-8B4B-F8618CD3350B}"
EndProject
Global
	GlobalSection(SolutionConfigurationPlatforms) = preSolution
		Debug|Any CPU = Debug|Any CPU
		Release|Any CPU = Release|Any CPU
	EndGlobalSection
	GlobalSection(ProjectConfigurationPlatforms) = postSolution
		{C55C85B3-788D-4DC8-8B4B-F8618CD3350B}.Debug|Any CPU.ActiveCfg = Debug|Any CPU
		{C55C85B3-788D-4DC8-8B4B-F8618CD3350B}.Debug|Any CPU.Build.0 = Debug|Any CPU
		{C55C85B3-788D-4DC8-8B4B-F8618CD3350B}.Release|Any CPU.ActiveCfg = Release|Any CPU
		{C55C85B3-788D-4DC8-8B4B-F8618CD3350B}.Release|Any CPU.Build.0 = Release|Any CPU
	EndGlobalSection
	GlobalSection(SolutionProperties) = preSolution
		HideSolutionNode = FALSE
	EndGlobalSection
	GlobalSection(ExtensibilityGlobals) = postSolution
		SolutionGuid = {CF32E9A2-677F-4A1A-8F4E-2375A75315E9}
	EndGlobalSection
EndGlobal
